
Microsoft Visual Studio Solution File, Format Version 12.00
# Visual Studio Version 17
VisualStudioVersion = 17.11.35327.3
MinimumVisualStudioVersion = 10.0.40219.1
Project("{9A19103F-16F7-4668-BE54-9A1E7A4F7556}") = "CoreGoDelivery.Api", "src\CoreGoDelivery.API\CoreGoDelivery.Api.csproj", "{48B385D5-1C0D-46E0-AFFF-13A8BAF21226}"
EndProject
Project("{9A19103F-16F7-4668-BE54-9A1E7A4F7556}") = "CoreGoDelivery.Infrastructure", "src\CoreGoDelivery.Infrastructure\CoreGoDelivery.Infrastructure.csproj", "{913B8928-DB53-4BAE-9806-503A929B4E79}"
EndProject
Project("{9A19103F-16F7-4668-BE54-9A1E7A4F7556}") = "CoreGoDelivery.Application", "src\CoreGoDelivery.Application\CoreGoDelivery.Application.csproj", "{C3CBF9A3-8269-49FC-92F2-FE97DDA6838A}"
EndProject
Project("{FAE04EC0-301F-11D3-BF4B-00C04F79EFBC}") = "CoreGoDelivery.xUnitTest", "src\CoreGoDelivery.xUnitTest\CoreGoDelivery.xUnitTest.csproj", "{4A2F5627-9FDC-4223-9756-EAF16BACD9AB}"
EndProject
Project("{9A19103F-16F7-4668-BE54-9A1E7A4F7556}") = "CoreGoDelivery.Domain", "src\CoreGoDelivery.Domain\CoreGoDelivery.Domain.csproj", "{D3879E7E-E10F-4C2A-B459-E1F0F96AF0E4}"
EndProject
Global
	GlobalSection(SolutionConfigurationPlatforms) = preSolution
		Debug|Any CPU = Debug|Any CPU
		Release|Any CPU = Release|Any CPU
	EndGlobalSection
	GlobalSection(ProjectConfigurationPlatforms) = postSolution
		{48B385D5-1C0D-46E0-AFFF-13A8BAF21226}.Debug|Any CPU.ActiveCfg = Debug|Any CPU
		{48B385D5-1C0D-46E0-AFFF-13A8BAF21226}.Debug|Any CPU.Build.0 = Debug|Any CPU
		{48B385D5-1C0D-46E0-AFFF-13A8BAF21226}.Release|Any CPU.ActiveCfg = Release|Any CPU
		{48B385D5-1C0D-46E0-AFFF-13A8BAF21226}.Release|Any CPU.Build.0 = Release|Any CPU
		{913B8928-DB53-4BAE-9806-503A929B4E79}.Debug|Any CPU.ActiveCfg = Debug|Any CPU
		{913B8928-DB53-4BAE-9806-503A929B4E79}.Debug|Any CPU.Build.0 = Debug|Any CPU
		{913B8928-DB53-4BAE-9806-503A929B4E79}.Release|Any CPU.ActiveCfg = Release|Any CPU
		{913B8928-DB53-4BAE-9806-503A929B4E79}.Release|Any CPU.Build.0 = Release|Any CPU
		{C3CBF9A3-8269-49FC-92F2-FE97DDA6838A}.Debug|Any CPU.ActiveCfg = Debug|Any CPU
		{C3CBF9A3-8269-49FC-92F2-FE97DDA6838A}.Debug|Any CPU.Build.0 = Debug|Any CPU
		{C3CBF9A3-8269-49FC-92F2-FE97DDA6838A}.Release|Any CPU.ActiveCfg = Release|Any CPU
		{C3CBF9A3-8269-49FC-92F2-FE97DDA6838A}.Release|Any CPU.Build.0 = Release|Any CPU
		{4A2F5627-9FDC-4223-9756-EAF16BACD9AB}.Debug|Any CPU.ActiveCfg = Debug|Any CPU
		{4A2F5627-9FDC-4223-9756-EAF16BACD9AB}.Debug|Any CPU.Build.0 = Debug|Any CPU
		{4A2F5627-9FDC-4223-9756-EAF16BACD9AB}.Release|Any CPU.ActiveCfg = Release|Any CPU
		{4A2F5627-9FDC-4223-9756-EAF16BACD9AB}.Release|Any CPU.Build.0 = Release|Any CPU
		{D3879E7E-E10F-4C2A-B459-E1F0F96AF0E4}.Debug|Any CPU.ActiveCfg = Debug|Any CPU
		{D3879E7E-E10F-4C2A-B459-E1F0F96AF0E4}.Debug|Any CPU.Build.0 = Debug|Any CPU
		{D3879E7E-E10F-4C2A-B459-E1F0F96AF0E4}.Release|Any CPU.ActiveCfg = Release|Any CPU
		{D3879E7E-E10F-4C2A-B459-E1F0F96AF0E4}.Release|Any CPU.Build.0 = Release|Any CPU
	EndGlobalSection
	GlobalSection(SolutionProperties) = preSolution
		HideSolutionNode = FALSE
	EndGlobalSection
	GlobalSection(ExtensibilityGlobals) = postSolution
		SolutionGuid = {C2EA87DE-3BFE-4E0B-ABD0-0744F49E3E88}
	EndGlobalSection
EndGlobal
