
Microsoft Visual Studio Solution File, Format Version 12.00
# Visual Studio Version 17
VisualStudioVersion = 17.11.35303.130
MinimumVisualStudioVersion = 10.0.40219.1
Project("{9A19103F-16F7-4668-BE54-9A1E7A4F7556}") = "GoDelivery.API", "GoDelivery.API.csproj", "{FED64750-4136-4A20-9B68-4F3E8F66F717}"
EndProject
Global
	GlobalSection(SolutionConfigurationPlatforms) = preSolution
		Debug|Any CPU = Debug|Any CPU
		Release|Any CPU = Release|Any CPU
	EndGlobalSection
	GlobalSection(ProjectConfigurationPlatforms) = postSolution
		{FED64750-4136-4A20-9B68-4F3E8F66F717}.Debug|Any CPU.ActiveCfg = Debug|Any CPU
		{FED64750-4136-4A20-9B68-4F3E8F66F717}.Debug|Any CPU.Build.0 = Debug|Any CPU
		{FED64750-4136-4A20-9B68-4F3E8F66F717}.Release|Any CPU.ActiveCfg = Release|Any CPU
		{FED64750-4136-4A20-9B68-4F3E8F66F717}.Release|Any CPU.Build.0 = Release|Any CPU
	EndGlobalSection
	GlobalSection(SolutionProperties) = preSolution
		HideSolutionNode = FALSE
	EndGlobalSection
	GlobalSection(ExtensibilityGlobals) = postSolution
		SolutionGuid = {31AB7C4B-D9A7-497B-8D74-29D4F247AF1D}
	EndGlobalSection
EndGlobal
